{
    "_readme": [
        "This file locks the dependencies of your project to a known state",
        "Read more about it at https://getcomposer.org/doc/01-basic-usage.md#composer-lock-the-lock-file",
        "This file is @generated automatically"
    ],
    "hash": "58b70a2735f474977b84d821c241f34b",
    "content-hash": "7b8828d92842e37bb24dc90ab40720ee",
    "packages": [
        {
            "name": "anime-db/shmop",
            "version": "v1.0.6",
            "source": {
                "type": "git",
                "url": "https://github.com/anime-db/shmop.git",
                "reference": "0d08a6b50091c44a47f3426c51ffa6b6834bb780"
            },
            "dist": {
                "type": "zip",
                "url": "https://api.github.com/repos/anime-db/shmop/zipball/0d08a6b50091c44a47f3426c51ffa6b6834bb780",
                "reference": "0d08a6b50091c44a47f3426c51ffa6b6834bb780",
                "shasum": ""
            },
            "require": {
                "ext-shmop": "*",
                "php": ">=5.0"
            },
            "type": "library",
            "autoload": {
                "psr-4": {
                    "AnimeDb\\Shmop\\": "lib/"
                }
            },
            "notification-url": "https://packagist.org/downloads/",
            "license": [
                "MIT"
            ],
            "authors": [
                {
                    "name": "Peter Gribanov",
                    "email": "info@peter-gribanov.ru"
                }
            ],
            "description": "Shmop is a simple and small abstraction layer for shared memory manipulation using PHP",
            "homepage": "http://github.com/anime-db/shmop",
            "keywords": [
                "php",
                "shmop"
            ],
            "time": "2016-06-03 14:45:15"
        }
    ],
    "packages-dev": [],
    "aliases": [],
    "minimum-stability": "dev",
    "stability-flags": [],
    "prefer-stable": false,
    "prefer-lowest": false,
    "platform": {
        "php": ">=7.0"
    },
    "platform-dev": []
}
